
Microsoft Visual Studio Solution File, Format Version 11.00
# Visual Studio 2010
Project("{FAE04EC0-301F-11D3-BF4B-00C04F79EFBC}") = "AloudBible", "AloudBible\AloudBible.csproj", "{FEAC00D2-5C8E-4C8A-807D-7D8A7CF4DA4E}"
EndProject
Project("{FAE04EC0-301F-11D3-BF4B-00C04F79EFBC}") = "Utitilties", "..\Utitilties\Utitilties.csproj", "{B5A0F9D1-FD68-4989-9D2E-B859E6324BB2}"
EndProject
Project("{FAE04EC0-301F-11D3-BF4B-00C04F79EFBC}") = "HtmlAnalyzer", "..\HtmlAnalyzer\HtmlAnalyzer.csproj", "{5F3640B6-AB88-498C-B587-A811B2BD3965}"
EndProject
Project("{FAE04EC0-301F-11D3-BF4B-00C04F79EFBC}") = "EditionExtractor", "..\EditionExtractor\EditionExtractor.csproj", "{15E1E4A7-0225-4BC3-8963-50DA97F13792}"
EndProject
Global
	GlobalSection(SolutionConfigurationPlatforms) = preSolution
		Debug|Any CPU = Debug|Any CPU
		Debug|Mixed Platforms = Debug|Mixed Platforms
		Debug|x86 = Debug|x86
		Release|Any CPU = Release|Any CPU
		Release|Mixed Platforms = Release|Mixed Platforms
		Release|x86 = Release|x86
	EndGlobalSection
	GlobalSection(ProjectConfigurationPlatforms) = postSolution
		{FEAC00D2-5C8E-4C8A-807D-7D8A7CF4DA4E}.Debug|Any CPU.ActiveCfg = Debug|Any CPU
		{FEAC00D2-5C8E-4C8A-807D-7D8A7CF4DA4E}.Debug|Any CPU.Build.0 = Debug|Any CPU
		{FEAC00D2-5C8E-4C8A-807D-7D8A7CF4DA4E}.Debug|Mixed Platforms.ActiveCfg = Debug|Any CPU
		{FEAC00D2-5C8E-4C8A-807D-7D8A7CF4DA4E}.Debug|Mixed Platforms.Build.0 = Debug|Any CPU
		{FEAC00D2-5C8E-4C8A-807D-7D8A7CF4DA4E}.Debug|x86.ActiveCfg = Debug|Any CPU
		{FEAC00D2-5C8E-4C8A-807D-7D8A7CF4DA4E}.Release|Any CPU.ActiveCfg = Release|Any CPU
		{FEAC00D2-5C8E-4C8A-807D-7D8A7CF4DA4E}.Release|Any CPU.Build.0 = Release|Any CPU
		{FEAC00D2-5C8E-4C8A-807D-7D8A7CF4DA4E}.Release|Mixed Platforms.ActiveCfg = Release|Any CPU
		{FEAC00D2-5C8E-4C8A-807D-7D8A7CF4DA4E}.Release|Mixed Platforms.Build.0 = Release|Any CPU
		{FEAC00D2-5C8E-4C8A-807D-7D8A7CF4DA4E}.Release|x86.ActiveCfg = Release|Any CPU
		{B5A0F9D1-FD68-4989-9D2E-B859E6324BB2}.Debug|Any CPU.ActiveCfg = Debug|Any CPU
		{B5A0F9D1-FD68-4989-9D2E-B859E6324BB2}.Debug|Any CPU.Build.0 = Debug|Any CPU
		{B5A0F9D1-FD68-4989-9D2E-B859E6324BB2}.Debug|Mixed Platforms.ActiveCfg = Debug|Any CPU
		{B5A0F9D1-FD68-4989-9D2E-B859E6324BB2}.Debug|Mixed Platforms.Build.0 = Debug|Any CPU
		{B5A0F9D1-FD68-4989-9D2E-B859E6324BB2}.Debug|x86.ActiveCfg = Debug|Any CPU
		{B5A0F9D1-FD68-4989-9D2E-B859E6324BB2}.Release|Any CPU.ActiveCfg = Release|Any CPU
		{B5A0F9D1-FD68-4989-9D2E-B859E6324BB2}.Release|Any CPU.Build.0 = Release|Any CPU
		{B5A0F9D1-FD68-4989-9D2E-B859E6324BB2}.Release|Mixed Platforms.ActiveCfg = Release|Any CPU
		{B5A0F9D1-FD68-4989-9D2E-B859E6324BB2}.Release|Mixed Platforms.Build.0 = Release|Any CPU
		{B5A0F9D1-FD68-4989-9D2E-B859E6324BB2}.Release|x86.ActiveCfg = Release|Any CPU
		{5F3640B6-AB88-498C-B587-A811B2BD3965}.Debug|Any CPU.ActiveCfg = Debug|Any CPU
		{5F3640B6-AB88-498C-B587-A811B2BD3965}.Debug|Any CPU.Build.0 = Debug|Any CPU
		{5F3640B6-AB88-498C-B587-A811B2BD3965}.Debug|Mixed Platforms.ActiveCfg = Debug|Any CPU
		{5F3640B6-AB88-498C-B587-A811B2BD3965}.Debug|Mixed Platforms.Build.0 = Debug|Any CPU
		{5F3640B6-AB88-498C-B587-A811B2BD3965}.Debug|x86.ActiveCfg = Debug|Any CPU
		{5F3640B6-AB88-498C-B587-A811B2BD3965}.Release|Any CPU.ActiveCfg = Release|Any CPU
		{5F3640B6-AB88-498C-B587-A811B2BD3965}.Release|Any CPU.Build.0 = Release|Any CPU
		{5F3640B6-AB88-498C-B587-A811B2BD3965}.Release|Mixed Platforms.ActiveCfg = Release|Any CPU
		{5F3640B6-AB88-498C-B587-A811B2BD3965}.Release|Mixed Platforms.Build.0 = Release|Any CPU
		{5F3640B6-AB88-498C-B587-A811B2BD3965}.Release|x86.ActiveCfg = Release|Any CPU
		{15E1E4A7-0225-4BC3-8963-50DA97F13792}.Debug|Any CPU.ActiveCfg = Debug|x86
		{15E1E4A7-0225-4BC3-8963-50DA97F13792}.Debug|Mixed Platforms.ActiveCfg = Debug|x86
		{15E1E4A7-0225-4BC3-8963-50DA97F13792}.Debug|Mixed Platforms.Build.0 = Debug|x86
		{15E1E4A7-0225-4BC3-8963-50DA97F13792}.Debug|x86.ActiveCfg = Debug|x86
		{15E1E4A7-0225-4BC3-8963-50DA97F13792}.Debug|x86.Build.0 = Debug|x86
		{15E1E4A7-0225-4BC3-8963-50DA97F13792}.Release|Any CPU.ActiveCfg = Release|x86
		{15E1E4A7-0225-4BC3-8963-50DA97F13792}.Release|Mixed Platforms.ActiveCfg = Release|x86
		{15E1E4A7-0225-4BC3-8963-50DA97F13792}.Release|Mixed Platforms.Build.0 = Release|x86
		{15E1E4A7-0225-4BC3-8963-50DA97F13792}.Release|x86.ActiveCfg = Release|x86
		{15E1E4A7-0225-4BC3-8963-50DA97F13792}.Release|x86.Build.0 = Release|x86
	EndGlobalSection
	GlobalSection(SolutionProperties) = preSolution
		HideSolutionNode = FALSE
	EndGlobalSection
EndGlobal
